
Microsoft Visual Studio Solution File, Format Version 12.00
# Visual Studio 15
VisualStudioVersion = 15.0.27703.1
MinimumVisualStudioVersion = 10.0.40219.1
Project("{FAE04EC0-301F-11D3-BF4B-00C04F79EFBC}") = "PoorChild.Web", "PoorChild.Web\PoorChild.Web.csproj", "{5875EAF5-BBF2-48C3-92AC-540F2B1C4984}"
EndProject
Global
	GlobalSection(SolutionConfigurationPlatforms) = preSolution
		Debug|Any CPU = Debug|Any CPU
		Release|Any CPU = Release|Any CPU
	EndGlobalSection
	GlobalSection(ProjectConfigurationPlatforms) = postSolution
		{5875EAF5-BBF2-48C3-92AC-540F2B1C4984}.Debug|Any CPU.ActiveCfg = Debug|Any CPU
		{5875EAF5-BBF2-48C3-92AC-540F2B1C4984}.Debug|Any CPU.Build.0 = Debug|Any CPU
		{5875EAF5-BBF2-48C3-92AC-540F2B1C4984}.Release|Any CPU.ActiveCfg = Release|Any CPU
		{5875EAF5-BBF2-48C3-92AC-540F2B1C4984}.Release|Any CPU.Build.0 = Release|Any CPU
	EndGlobalSection
	GlobalSection(SolutionProperties) = preSolution
		HideSolutionNode = FALSE
	EndGlobalSection
	GlobalSection(ExtensibilityGlobals) = postSolution
		SolutionGuid = {909266EA-2F9F-40FB-BBD5-B5770D8C8AD1}
	EndGlobalSection
EndGlobal
